
Microsoft Visual Studio Solution File, Format Version 12.00
# Visual Studio 15
VisualStudioVersion = 15.0.27130.2020
MinimumVisualStudioVersion = 10.0.40219.1
Project("{FAE04EC0-301F-11D3-BF4B-00C04F79EFBC}") = "EFWpfHomework", "EFWpfHomework\EFWpfHomework.csproj", "{5D6CC19C-CA99-48CD-A66D-3DE7DC9CAAD6}"
EndProject
Global
	GlobalSection(SolutionConfigurationPlatforms) = preSolution
		Debug|Any CPU = Debug|Any CPU
		Release|Any CPU = Release|Any CPU
	EndGlobalSection
	GlobalSection(ProjectConfigurationPlatforms) = postSolution
		{5D6CC19C-CA99-48CD-A66D-3DE7DC9CAAD6}.Debug|Any CPU.ActiveCfg = Debug|Any CPU
		{5D6CC19C-CA99-48CD-A66D-3DE7DC9CAAD6}.Debug|Any CPU.Build.0 = Debug|Any CPU
		{5D6CC19C-CA99-48CD-A66D-3DE7DC9CAAD6}.Release|Any CPU.ActiveCfg = Release|Any CPU
		{5D6CC19C-CA99-48CD-A66D-3DE7DC9CAAD6}.Release|Any CPU.Build.0 = Release|Any CPU
	EndGlobalSection
	GlobalSection(SolutionProperties) = preSolution
		HideSolutionNode = FALSE
	EndGlobalSection
	GlobalSection(ExtensibilityGlobals) = postSolution
		SolutionGuid = {205DAA13-80CC-4E37-8F0C-0FEDEB8411A0}
	EndGlobalSection
EndGlobal
